{
  "name": "experimento1",
  "version": "1.0.0",
  "lockfileVersion": 3,
  "requires": true,
  "packages": {
    "": {
      "name": "experimento1",
      "version": "1.0.0",
      "license": "ISC",
      "dependencies": {
        "p5": "^1.11.3"
      }
    },
    "node_modules/p5": {
      "version": "1.11.3",
      "resolved": "https://registry.npmjs.org/p5/-/p5-1.11.3.tgz",
      "integrity": "sha512-5eiyuZ3Pvo6ucr3nr8AzD+qwpoleiIEF2a2HmiO6PJM1tnbD0LmLlckZyYGJATs0tdmRjc37Muh6KPS4d1FHHg==",
      "license": "LGPL-2.1"
    }
  }
}
